<?xml version="1.0" encoding="utf-8"?>
<Project ToolsVersion="4.0" xmlns="http://schemas.microsoft.com/developer/msbuild/2003">
  <ItemGroup>
    <Filter Include="Source Files">
      <UniqueIdentifier>{4FC737F1-C7A5-4376-A066-2A32D752A2FF}</UniqueIdentifier>
      <Extensions>cpp;c;cc;cxx;c++;cppm;ixx;def;odl;idl;hpj;bat;asm;asmx</Extensions>
    </Filter>
    <Filter Include="Header Files">
      <UniqueIdentifier>{93995380-89BD-4b04-88EB-625FBE52EBFB}</UniqueIdentifier>
      <Extensions>h;hh;hpp;hxx;h++;hm;inl;inc;ipp;xsd</Extensions>
    </Filter>
    <Filter Include="Resource Files">
      <UniqueIdentifier>{67DA6AB6-F800-4c08-8B7A-83BB121AAD01}</UniqueIdentifier>
      <Extensions>rc;ico;cur;bmp;dlg;rc2;rct;bin;rgs;gif;jpg;jpeg;jpe;resx;tiff;tif;png;wav;mfcribbon-ms</Extensions>
    </Filter>
  </ItemGroup>
  <ItemGroup>
    <ClCompile Include="raytracer.cpp">
      <Filter>Source Files</Filter>
    </ClCompile>
    <ClCompile Include="build\buildChapter14.cpp">
      <Filter>Source Files</Filter>
    </ClCompile>
    <ClCompile Include="build\buildHelloWorld.cpp">
      <Filter>Source Files</Filter>
    </ClCompile>
    <ClCompile Include="build\buildMvp.cpp">
      <Filter>Source Files</Filter>
    </ClCompile>
    <ClCompile Include="utilities\Vector3D.cpp">
      <Filter>Source Files</Filter>
    </ClCompile>
    <ClCompile Include="utilities\Point3D.cpp">
      <Filter>Source Files</Filter>
    </ClCompile>
    <ClCompile Include="utilities\Ray.cpp">
      <Filter>Source Files</Filter>
    </ClCompile>
    <ClCompile Include="utilities\RGBColor.cpp">
      <Filter>Source Files</Filter>
    </ClCompile>
    <ClCompile Include="utilities\BBox.cpp">
      <Filter>Source Files</Filter>
    </ClCompile>
    <ClCompile Include="geometry\Geometry.cpp">
      <Filter>Source Files</Filter>
    </ClCompile>
    <ClCompile Include="samplers\Sampler.cpp">
      <Filter>Source Files</Filter>
    </ClCompile>
    <ClCompile Include="samplers\Simple.cpp">
      <Filter>Source Files</Filter>
    </ClCompile>
    <ClCompile Include="materials\Cosine.cpp">
      <Filter>Source Files</Filter>
    </ClCompile>
    <ClCompile Include="utilities\Image.cpp">
      <Filter>Source Files</Filter>
    </ClCompile>
    <ClCompile Include="geometry\Sphere.cpp">
      <Filter>Source Files</Filter>
    </ClCompile>
    <ClCompile Include="geometry\Triangle.cpp">
      <Filter>Source Files</Filter>
    </ClCompile>
    <ClCompile Include="geometry\Plane.cpp">
      <Filter>Source Files</Filter>
    </ClCompile>
  </ItemGroup>
  <ItemGroup>
    <ClInclude Include="cameras\Camera.hpp">
      <Filter>Header Files</Filter>
    </ClInclude>
    <ClInclude Include="cameras\Parallel.hpp">
      <Filter>Header Files</Filter>
    </ClInclude>
    <ClInclude Include="cameras\Perspective.hpp">
      <Filter>Header Files</Filter>
    </ClInclude>
    <ClInclude Include="geometry\Geometry.hpp">
      <Filter>Header Files</Filter>
    </ClInclude>
    <ClInclude Include="geometry\Plane.hpp">
      <Filter>Header Files</Filter>
    </ClInclude>
    <ClInclude Include="geometry\Sphere.hpp">
      <Filter>Header Files</Filter>
    </ClInclude>
    <ClInclude Include="geometry\Triangle.hpp">
      <Filter>Header Files</Filter>
    </ClInclude>
    <ClInclude Include="materials\Cosine.hpp">
      <Filter>Header Files</Filter>
    </ClInclude>
    <ClInclude Include="materials\Material.hpp">
      <Filter>Header Files</Filter>
    </ClInclude>
    <ClInclude Include="samplers\Sampler.hpp">
      <Filter>Header Files</Filter>
    </ClInclude>
    <ClInclude Include="samplers\Simple.hpp">
      <Filter>Header Files</Filter>
    </ClInclude>
    <ClInclude Include="utilities\BBox.hpp">
      <Filter>Header Files</Filter>
    </ClInclude>
    <ClInclude Include="utilities\Constants.hpp">
      <Filter>Header Files</Filter>
    </ClInclude>
    <ClInclude Include="utilities\Image.hpp">
      <Filter>Header Files</Filter>
    </ClInclude>
    <ClInclude Include="utilities\Point3D.hpp">
      <Filter>Header Files</Filter>
    </ClInclude>
    <ClInclude Include="utilities\Ray.hpp">
      <Filter>Header Files</Filter>
    </ClInclude>
    <ClInclude Include="utilities\RGBColor.hpp">
      <Filter>Header Files</Filter>
    </ClInclude>
    <ClInclude Include="utilities\ShadeInfo.hpp">
      <Filter>Header Files</Filter>
    </ClInclude>
    <ClInclude Include="utilities\Vector3D.hpp">
      <Filter>Header Files</Filter>
    </ClInclude>
    <ClInclude Include="world\ViewPlane.hpp">
      <Filter>Header Files</Filter>
    </ClInclude>
    <ClInclude Include="world\World.hpp">
      <Filter>Header Files</Filter>
    </ClInclude>
  </ItemGroup>
</Project>